
Microsoft Visual Studio Solution File, Format Version 12.00
# Visual Studio 2012
Project("{FAE04EC0-301F-11D3-BF4B-00C04F79EFBC}") = "FoursquareAngularJS.Data", "FoursquareAngularJS.Data\FoursquareAngularJS.Data.csproj", "{BC3A8110-ACC2-40FF-AC8C-0966533F8D41}"
EndProject
Project("{FAE04EC0-301F-11D3-BF4B-00C04F79EFBC}") = "FoursquareAngularJS.Web", "FoursquareAngularJS.Web\FoursquareAngularJS.Web.csproj", "{CDC3CF2B-E276-4D3C-9976-BF26E058047A}"
EndProject
Global
	GlobalSection(SolutionConfigurationPlatforms) = preSolution
		Debug|Any CPU = Debug|Any CPU
		Release|Any CPU = Release|Any CPU
	EndGlobalSection
	GlobalSection(ProjectConfigurationPlatforms) = postSolution
		{BC3A8110-ACC2-40FF-AC8C-0966533F8D41}.Debug|Any CPU.ActiveCfg = Debug|Any CPU
		{BC3A8110-ACC2-40FF-AC8C-0966533F8D41}.Debug|Any CPU.Build.0 = Debug|Any CPU
		{BC3A8110-ACC2-40FF-AC8C-0966533F8D41}.Release|Any CPU.ActiveCfg = Release|Any CPU
		{BC3A8110-ACC2-40FF-AC8C-0966533F8D41}.Release|Any CPU.Build.0 = Release|Any CPU
		{CDC3CF2B-E276-4D3C-9976-BF26E058047A}.Debug|Any CPU.ActiveCfg = Debug|Any CPU
		{CDC3CF2B-E276-4D3C-9976-BF26E058047A}.Debug|Any CPU.Build.0 = Debug|Any CPU
		{CDC3CF2B-E276-4D3C-9976-BF26E058047A}.Release|Any CPU.ActiveCfg = Release|Any CPU
		{CDC3CF2B-E276-4D3C-9976-BF26E058047A}.Release|Any CPU.Build.0 = Release|Any CPU
	EndGlobalSection
	GlobalSection(SolutionProperties) = preSolution
		HideSolutionNode = FALSE
	EndGlobalSection
EndGlobal
